
Microsoft Visual Studio Solution File, Format Version 12.00
# Visual Studio Version 16
VisualStudioVersion = 16.0.30907.101
MinimumVisualStudioVersion = 10.0.40219.1
Project("{2150E333-8FDC-42A3-9474-1A3956D46DE8}") = "Domain", "Domain", "{52810914-4E01-46AE-8382-C440AA9DB6D8}"
EndProject
Project("{2150E333-8FDC-42A3-9474-1A3956D46DE8}") = "Apps", "Apps", "{63C64935-0023-4FA7-86C8-61EA26BD76D1}"
EndProject
Project("{2150E333-8FDC-42A3-9474-1A3956D46DE8}") = "Test", "Test", "{28BD543B-B06E-4F67-823C-0325225EBB11}"
EndProject
Project("{2150E333-8FDC-42A3-9474-1A3956D46DE8}") = "Logic", "Logic", "{F1F186E3-1034-4E23-8DEC-779AE439E641}"
EndProject
Project("{2150E333-8FDC-42A3-9474-1A3956D46DE8}") = "Data", "Data", "{9C35E782-4977-4BF3-8CA0-3586553CB9C3}"
EndProject
Project("{9A19103F-16F7-4668-BE54-9A1E7A4F7556}") = "ChannelEngineTest", "ChannelEngineTest\ChannelEngineTest.csproj", "{23D62190-9F88-486E-9062-46B8F87EB5C0}"
EndProject
Project("{9A19103F-16F7-4668-BE54-9A1E7A4F7556}") = "ChannelEngineReactApp", "ChannelEngineApp\ChannelEngineReactApp.csproj", "{8BB030EB-F558-4642-9FDB-28BECE6C43E5}"
EndProject
Project("{9A19103F-16F7-4668-BE54-9A1E7A4F7556}") = "ChannelEngineConsoleApp", "ChannelEngineConsoleApp\ChannelEngineConsoleApp.csproj", "{760B2CC4-1DB5-4D14-9F71-3460EEAB3202}"
EndProject
Project("{9A19103F-16F7-4668-BE54-9A1E7A4F7556}") = "ChannelEngineMvcApp", "ChannelEngineMvc\ChannelEngineMvcApp.csproj", "{AD320527-9F6D-4B18-AE6A-ABA099F36445}"
EndProject
Project("{9A19103F-16F7-4668-BE54-9A1E7A4F7556}") = "MerchantData", "MerchantData\MerchantData.csproj", "{04F175FB-D8E2-4493-80C7-D1C98B0DFBB6}"
EndProject
Project("{9A19103F-16F7-4668-BE54-9A1E7A4F7556}") = "MerchantDomain", "MerchantDomain\MerchantDomain.csproj", "{B2BC4BF4-8FBE-44F9-B6C3-95E3C30F0803}"
EndProject
Project("{9A19103F-16F7-4668-BE54-9A1E7A4F7556}") = "MerchantLogic", "MerchantLogic\MerchantLogic.csproj", "{5D75FB7F-3846-4B71-B8CC-89E5CF62ED8A}"
EndProject
Project("{9A19103F-16F7-4668-BE54-9A1E7A4F7556}") = "MerchantMapping", "MerchantMapping\MerchantMapping.csproj", "{A693EE7D-956E-4772-BA4D-5C53E7577B17}"
EndProject
Global
	GlobalSection(SolutionConfigurationPlatforms) = preSolution
		Debug|Any CPU = Debug|Any CPU
		Release|Any CPU = Release|Any CPU
	EndGlobalSection
	GlobalSection(ProjectConfigurationPlatforms) = postSolution
		{23D62190-9F88-486E-9062-46B8F87EB5C0}.Debug|Any CPU.ActiveCfg = Debug|Any CPU
		{23D62190-9F88-486E-9062-46B8F87EB5C0}.Debug|Any CPU.Build.0 = Debug|Any CPU
		{23D62190-9F88-486E-9062-46B8F87EB5C0}.Release|Any CPU.ActiveCfg = Release|Any CPU
		{23D62190-9F88-486E-9062-46B8F87EB5C0}.Release|Any CPU.Build.0 = Release|Any CPU
		{8BB030EB-F558-4642-9FDB-28BECE6C43E5}.Debug|Any CPU.ActiveCfg = Debug|Any CPU
		{8BB030EB-F558-4642-9FDB-28BECE6C43E5}.Debug|Any CPU.Build.0 = Debug|Any CPU
		{8BB030EB-F558-4642-9FDB-28BECE6C43E5}.Release|Any CPU.ActiveCfg = Release|Any CPU
		{8BB030EB-F558-4642-9FDB-28BECE6C43E5}.Release|Any CPU.Build.0 = Release|Any CPU
		{760B2CC4-1DB5-4D14-9F71-3460EEAB3202}.Debug|Any CPU.ActiveCfg = Debug|Any CPU
		{760B2CC4-1DB5-4D14-9F71-3460EEAB3202}.Debug|Any CPU.Build.0 = Debug|Any CPU
		{760B2CC4-1DB5-4D14-9F71-3460EEAB3202}.Release|Any CPU.ActiveCfg = Release|Any CPU
		{760B2CC4-1DB5-4D14-9F71-3460EEAB3202}.Release|Any CPU.Build.0 = Release|Any CPU
		{AD320527-9F6D-4B18-AE6A-ABA099F36445}.Debug|Any CPU.ActiveCfg = Debug|Any CPU
		{AD320527-9F6D-4B18-AE6A-ABA099F36445}.Debug|Any CPU.Build.0 = Debug|Any CPU
		{AD320527-9F6D-4B18-AE6A-ABA099F36445}.Release|Any CPU.ActiveCfg = Release|Any CPU
		{AD320527-9F6D-4B18-AE6A-ABA099F36445}.Release|Any CPU.Build.0 = Release|Any CPU
		{04F175FB-D8E2-4493-80C7-D1C98B0DFBB6}.Debug|Any CPU.ActiveCfg = Debug|Any CPU
		{04F175FB-D8E2-4493-80C7-D1C98B0DFBB6}.Debug|Any CPU.Build.0 = Debug|Any CPU
		{04F175FB-D8E2-4493-80C7-D1C98B0DFBB6}.Release|Any CPU.ActiveCfg = Release|Any CPU
		{04F175FB-D8E2-4493-80C7-D1C98B0DFBB6}.Release|Any CPU.Build.0 = Release|Any CPU
		{B2BC4BF4-8FBE-44F9-B6C3-95E3C30F0803}.Debug|Any CPU.ActiveCfg = Debug|Any CPU
		{B2BC4BF4-8FBE-44F9-B6C3-95E3C30F0803}.Debug|Any CPU.Build.0 = Debug|Any CPU
		{B2BC4BF4-8FBE-44F9-B6C3-95E3C30F0803}.Release|Any CPU.ActiveCfg = Release|Any CPU
		{B2BC4BF4-8FBE-44F9-B6C3-95E3C30F0803}.Release|Any CPU.Build.0 = Release|Any CPU
		{5D75FB7F-3846-4B71-B8CC-89E5CF62ED8A}.Debug|Any CPU.ActiveCfg = Debug|Any CPU
		{5D75FB7F-3846-4B71-B8CC-89E5CF62ED8A}.Debug|Any CPU.Build.0 = Debug|Any CPU
		{5D75FB7F-3846-4B71-B8CC-89E5CF62ED8A}.Release|Any CPU.ActiveCfg = Release|Any CPU
		{5D75FB7F-3846-4B71-B8CC-89E5CF62ED8A}.Release|Any CPU.Build.0 = Release|Any CPU
		{A693EE7D-956E-4772-BA4D-5C53E7577B17}.Debug|Any CPU.ActiveCfg = Debug|Any CPU
		{A693EE7D-956E-4772-BA4D-5C53E7577B17}.Debug|Any CPU.Build.0 = Debug|Any CPU
		{A693EE7D-956E-4772-BA4D-5C53E7577B17}.Release|Any CPU.ActiveCfg = Release|Any CPU
		{A693EE7D-956E-4772-BA4D-5C53E7577B17}.Release|Any CPU.Build.0 = Release|Any CPU
	EndGlobalSection
	GlobalSection(SolutionProperties) = preSolution
		HideSolutionNode = FALSE
	EndGlobalSection
	GlobalSection(NestedProjects) = preSolution
		{23D62190-9F88-486E-9062-46B8F87EB5C0} = {28BD543B-B06E-4F67-823C-0325225EBB11}
		{8BB030EB-F558-4642-9FDB-28BECE6C43E5} = {63C64935-0023-4FA7-86C8-61EA26BD76D1}
		{760B2CC4-1DB5-4D14-9F71-3460EEAB3202} = {63C64935-0023-4FA7-86C8-61EA26BD76D1}
		{AD320527-9F6D-4B18-AE6A-ABA099F36445} = {63C64935-0023-4FA7-86C8-61EA26BD76D1}
		{04F175FB-D8E2-4493-80C7-D1C98B0DFBB6} = {9C35E782-4977-4BF3-8CA0-3586553CB9C3}
		{B2BC4BF4-8FBE-44F9-B6C3-95E3C30F0803} = {52810914-4E01-46AE-8382-C440AA9DB6D8}
		{5D75FB7F-3846-4B71-B8CC-89E5CF62ED8A} = {F1F186E3-1034-4E23-8DEC-779AE439E641}
		{A693EE7D-956E-4772-BA4D-5C53E7577B17} = {F1F186E3-1034-4E23-8DEC-779AE439E641}
	EndGlobalSection
	GlobalSection(ExtensibilityGlobals) = postSolution
		SolutionGuid = {5CF502E0-0A78-4541-8E9A-A17B8C45698C}
	EndGlobalSection
EndGlobal
