
Microsoft Visual Studio Solution File, Format Version 12.00
# Visual Studio Version 16
VisualStudioVersion = 16.0.30907.101
MinimumVisualStudioVersion = 10.0.40219.1
Project("{9A19103F-16F7-4668-BE54-9A1E7A4F7556}") = "ChannelEngineReactApp", "ChannelEngineReactApp.csproj", "{0D494E4B-3C91-49E4-BC53-5AF789E73182}"
EndProject
Project("{9A19103F-16F7-4668-BE54-9A1E7A4F7556}") = "ChannelEngineConsoleApp", "..\ChannelEngineConsoleApp\ChannelEngineConsoleApp.csproj", "{B49FF0F9-F81B-4D21-AE78-47A20437977E}"
EndProject
Project("{2150E333-8FDC-42A3-9474-1A3956D46DE8}") = "Domain", "Domain", "{52810914-4E01-46AE-8382-C440AA9DB6D8}"
EndProject
Project("{2150E333-8FDC-42A3-9474-1A3956D46DE8}") = "Apps", "Apps", "{63C64935-0023-4FA7-86C8-61EA26BD76D1}"
EndProject
Project("{2150E333-8FDC-42A3-9474-1A3956D46DE8}") = "Test", "Test", "{28BD543B-B06E-4F67-823C-0325225EBB11}"
EndProject
Project("{2150E333-8FDC-42A3-9474-1A3956D46DE8}") = "Logic", "Logic", "{F1F186E3-1034-4E23-8DEC-779AE439E641}"
EndProject
Project("{9A19103F-16F7-4668-BE54-9A1E7A4F7556}") = "ChannelEngineTest", "..\ChannelEngineTest\ChannelEngineTest.csproj", "{507E3859-6A54-450E-9A18-ED315AA98E78}"
EndProject
Project("{9A19103F-16F7-4668-BE54-9A1E7A4F7556}") = "ChannelEngineMvcApp", "..\ChannelEngineMvc\ChannelEngineMvcApp.csproj", "{11D37168-9F2B-4E6F-ABA8-0E2BDF22FA53}"
EndProject
Project("{9A19103F-16F7-4668-BE54-9A1E7A4F7556}") = "MerchantDomain", "..\MerchantDomain\MerchantDomain.csproj", "{05206DFF-A4C5-4FAA-B10C-DB8E09EDF428}"
EndProject
Project("{FAE04EC0-301F-11D3-BF4B-00C04F79EFBC}") = "MerchantMapping", "..\Mapping\MerchantMapping.csproj", "{89498B20-D2D5-4506-ABA9-B0BFC683AB62}"
EndProject
Project("{9A19103F-16F7-4668-BE54-9A1E7A4F7556}") = "MerchantData", "..\MerchantData\MerchantData.csproj", "{8A1112DA-30B6-4427-9EB7-2EBBE6C1D6F0}"
EndProject
Project("{2150E333-8FDC-42A3-9474-1A3956D46DE8}") = "Data", "Data", "{9C35E782-4977-4BF3-8CA0-3586553CB9C3}"
EndProject
Project("{9A19103F-16F7-4668-BE54-9A1E7A4F7556}") = "MerchantLogic", "..\MerchantLogic\MerchantLogic.csproj", "{A9D2FD6F-D7F0-4953-9522-B75730C78EEC}"
EndProject
Project("{9A19103F-16F7-4668-BE54-9A1E7A4F7556}") = "ChannelEngineAngularApp", "..\ChannelEngineAngularApp\ChannelEngineAngularApp\ChannelEngineAngularApp.csproj", "{7EE0F388-A7D1-4C04-8F0A-D846A006FB33}"
EndProject
Global
	GlobalSection(SolutionConfigurationPlatforms) = preSolution
		Debug|Any CPU = Debug|Any CPU
		Release|Any CPU = Release|Any CPU
	EndGlobalSection
	GlobalSection(ProjectConfigurationPlatforms) = postSolution
		{0D494E4B-3C91-49E4-BC53-5AF789E73182}.Debug|Any CPU.ActiveCfg = Debug|Any CPU
		{0D494E4B-3C91-49E4-BC53-5AF789E73182}.Debug|Any CPU.Build.0 = Debug|Any CPU
		{0D494E4B-3C91-49E4-BC53-5AF789E73182}.Release|Any CPU.ActiveCfg = Release|Any CPU
		{0D494E4B-3C91-49E4-BC53-5AF789E73182}.Release|Any CPU.Build.0 = Release|Any CPU
		{B49FF0F9-F81B-4D21-AE78-47A20437977E}.Debug|Any CPU.ActiveCfg = Debug|Any CPU
		{B49FF0F9-F81B-4D21-AE78-47A20437977E}.Debug|Any CPU.Build.0 = Debug|Any CPU
		{B49FF0F9-F81B-4D21-AE78-47A20437977E}.Release|Any CPU.ActiveCfg = Release|Any CPU
		{B49FF0F9-F81B-4D21-AE78-47A20437977E}.Release|Any CPU.Build.0 = Release|Any CPU
		{507E3859-6A54-450E-9A18-ED315AA98E78}.Debug|Any CPU.ActiveCfg = Debug|Any CPU
		{507E3859-6A54-450E-9A18-ED315AA98E78}.Debug|Any CPU.Build.0 = Debug|Any CPU
		{507E3859-6A54-450E-9A18-ED315AA98E78}.Release|Any CPU.ActiveCfg = Release|Any CPU
		{507E3859-6A54-450E-9A18-ED315AA98E78}.Release|Any CPU.Build.0 = Release|Any CPU
		{11D37168-9F2B-4E6F-ABA8-0E2BDF22FA53}.Debug|Any CPU.ActiveCfg = Debug|Any CPU
		{11D37168-9F2B-4E6F-ABA8-0E2BDF22FA53}.Debug|Any CPU.Build.0 = Debug|Any CPU
		{11D37168-9F2B-4E6F-ABA8-0E2BDF22FA53}.Release|Any CPU.ActiveCfg = Release|Any CPU
		{11D37168-9F2B-4E6F-ABA8-0E2BDF22FA53}.Release|Any CPU.Build.0 = Release|Any CPU
		{05206DFF-A4C5-4FAA-B10C-DB8E09EDF428}.Debug|Any CPU.ActiveCfg = Debug|Any CPU
		{05206DFF-A4C5-4FAA-B10C-DB8E09EDF428}.Debug|Any CPU.Build.0 = Debug|Any CPU
		{05206DFF-A4C5-4FAA-B10C-DB8E09EDF428}.Release|Any CPU.ActiveCfg = Release|Any CPU
		{05206DFF-A4C5-4FAA-B10C-DB8E09EDF428}.Release|Any CPU.Build.0 = Release|Any CPU
		{89498B20-D2D5-4506-ABA9-B0BFC683AB62}.Debug|Any CPU.ActiveCfg = Debug|Any CPU
		{89498B20-D2D5-4506-ABA9-B0BFC683AB62}.Debug|Any CPU.Build.0 = Debug|Any CPU
		{89498B20-D2D5-4506-ABA9-B0BFC683AB62}.Release|Any CPU.ActiveCfg = Release|Any CPU
		{89498B20-D2D5-4506-ABA9-B0BFC683AB62}.Release|Any CPU.Build.0 = Release|Any CPU
		{8A1112DA-30B6-4427-9EB7-2EBBE6C1D6F0}.Debug|Any CPU.ActiveCfg = Debug|Any CPU
		{8A1112DA-30B6-4427-9EB7-2EBBE6C1D6F0}.Debug|Any CPU.Build.0 = Debug|Any CPU
		{8A1112DA-30B6-4427-9EB7-2EBBE6C1D6F0}.Release|Any CPU.ActiveCfg = Release|Any CPU
		{8A1112DA-30B6-4427-9EB7-2EBBE6C1D6F0}.Release|Any CPU.Build.0 = Release|Any CPU
		{A9D2FD6F-D7F0-4953-9522-B75730C78EEC}.Debug|Any CPU.ActiveCfg = Debug|Any CPU
		{A9D2FD6F-D7F0-4953-9522-B75730C78EEC}.Debug|Any CPU.Build.0 = Debug|Any CPU
		{A9D2FD6F-D7F0-4953-9522-B75730C78EEC}.Release|Any CPU.ActiveCfg = Release|Any CPU
		{A9D2FD6F-D7F0-4953-9522-B75730C78EEC}.Release|Any CPU.Build.0 = Release|Any CPU
		{7EE0F388-A7D1-4C04-8F0A-D846A006FB33}.Debug|Any CPU.ActiveCfg = Debug|Any CPU
		{7EE0F388-A7D1-4C04-8F0A-D846A006FB33}.Debug|Any CPU.Build.0 = Debug|Any CPU
		{7EE0F388-A7D1-4C04-8F0A-D846A006FB33}.Release|Any CPU.ActiveCfg = Release|Any CPU
		{7EE0F388-A7D1-4C04-8F0A-D846A006FB33}.Release|Any CPU.Build.0 = Release|Any CPU
	EndGlobalSection
	GlobalSection(SolutionProperties) = preSolution
		HideSolutionNode = FALSE
	EndGlobalSection
	GlobalSection(NestedProjects) = preSolution
		{0D494E4B-3C91-49E4-BC53-5AF789E73182} = {63C64935-0023-4FA7-86C8-61EA26BD76D1}
		{B49FF0F9-F81B-4D21-AE78-47A20437977E} = {63C64935-0023-4FA7-86C8-61EA26BD76D1}
		{507E3859-6A54-450E-9A18-ED315AA98E78} = {28BD543B-B06E-4F67-823C-0325225EBB11}
		{11D37168-9F2B-4E6F-ABA8-0E2BDF22FA53} = {63C64935-0023-4FA7-86C8-61EA26BD76D1}
		{05206DFF-A4C5-4FAA-B10C-DB8E09EDF428} = {52810914-4E01-46AE-8382-C440AA9DB6D8}
		{89498B20-D2D5-4506-ABA9-B0BFC683AB62} = {F1F186E3-1034-4E23-8DEC-779AE439E641}
		{8A1112DA-30B6-4427-9EB7-2EBBE6C1D6F0} = {9C35E782-4977-4BF3-8CA0-3586553CB9C3}
		{A9D2FD6F-D7F0-4953-9522-B75730C78EEC} = {F1F186E3-1034-4E23-8DEC-779AE439E641}
		{7EE0F388-A7D1-4C04-8F0A-D846A006FB33} = {63C64935-0023-4FA7-86C8-61EA26BD76D1}
	EndGlobalSection
	GlobalSection(ExtensibilityGlobals) = postSolution
		SolutionGuid = {5CF502E0-0A78-4541-8E9A-A17B8C45698C}
	EndGlobalSection
EndGlobal
